
Microsoft Visual Studio Solution File, Format Version 12.00
# Visual Studio Version 16
VisualStudioVersion = 16.0.31025.194
MinimumVisualStudioVersion = 10.0.40219.1
Project("{FAE04EC0-301F-11D3-BF4B-00C04F79EFBC}") = "BlackJack", "BlackJack.csproj", "{4D9EA212-F93D-46C5-B2C9-E523DA166C97}"
EndProject
Global
	GlobalSection(SolutionConfigurationPlatforms) = preSolution
		Debug|Any CPU = Debug|Any CPU
		Release|Any CPU = Release|Any CPU
	EndGlobalSection
	GlobalSection(ProjectConfigurationPlatforms) = postSolution
		{4D9EA212-F93D-46C5-B2C9-E523DA166C97}.Debug|Any CPU.ActiveCfg = Debug|Any CPU
		{4D9EA212-F93D-46C5-B2C9-E523DA166C97}.Debug|Any CPU.Build.0 = Debug|Any CPU
		{4D9EA212-F93D-46C5-B2C9-E523DA166C97}.Release|Any CPU.ActiveCfg = Release|Any CPU
		{4D9EA212-F93D-46C5-B2C9-E523DA166C97}.Release|Any CPU.Build.0 = Release|Any CPU
	EndGlobalSection
	GlobalSection(SolutionProperties) = preSolution
		HideSolutionNode = FALSE
	EndGlobalSection
	GlobalSection(ExtensibilityGlobals) = postSolution
		SolutionGuid = {8765BAE4-6287-4204-A36D-D95BAC7F0DF6}
	EndGlobalSection
EndGlobal
